
Microsoft Visual Studio Solution File, Format Version 10.00
# Visual Studio 2008
Project("{8BC9CEB8-8B4A-11D0-8D11-00A0C91BC942}") = "httpd", "httpd\httpd.vcproj", "{AC8D84BB-B076-40D5-854D-DEC5D17A3301}"
EndProject
Global
	GlobalSection(SolutionConfigurationPlatforms) = preSolution
		Debug|Win32 = Debug|Win32
		Release|Win32 = Release|Win32
	EndGlobalSection
	GlobalSection(ProjectConfigurationPlatforms) = postSolution
		{AC8D84BB-B076-40D5-854D-DEC5D17A3301}.Debug|Win32.ActiveCfg = Debug|Win32
		{AC8D84BB-B076-40D5-854D-DEC5D17A3301}.Debug|Win32.Build.0 = Debug|Win32
		{AC8D84BB-B076-40D5-854D-DEC5D17A3301}.Release|Win32.ActiveCfg = Release|Win32
		{AC8D84BB-B076-40D5-854D-DEC5D17A3301}.Release|Win32.Build.0 = Release|Win32
	EndGlobalSection
	GlobalSection(SolutionProperties) = preSolution
		HideSolutionNode = FALSE
	EndGlobalSection
EndGlobal
