
Microsoft Visual Studio Solution File, Format Version 11.00
# Visual Studio 2010
Project("{8BC9CEB8-8B4A-11D0-8D11-00A0C91BC942}") = "nr_server", "nr_server\nr_server.vcxproj", "{48ECB617-1A56-4D27-B7FF-6204667E2B3F}"
EndProject
Project("{8BC9CEB8-8B4A-11D0-8D11-00A0C91BC942}") = "test_nr_server", "test_nr_server\test_nr_server.vcxproj", "{0F3D9FA8-C7B5-451B-B28B-7FDECDDE7E37}"
EndProject
Global
	GlobalSection(SolutionConfigurationPlatforms) = preSolution
		Debug|Win32 = Debug|Win32
		Release|Win32 = Release|Win32
	EndGlobalSection
	GlobalSection(ProjectConfigurationPlatforms) = postSolution
		{48ECB617-1A56-4D27-B7FF-6204667E2B3F}.Debug|Win32.ActiveCfg = Debug|Win32
		{48ECB617-1A56-4D27-B7FF-6204667E2B3F}.Debug|Win32.Build.0 = Debug|Win32
		{48ECB617-1A56-4D27-B7FF-6204667E2B3F}.Release|Win32.ActiveCfg = Release|Win32
		{48ECB617-1A56-4D27-B7FF-6204667E2B3F}.Release|Win32.Build.0 = Release|Win32
		{0F3D9FA8-C7B5-451B-B28B-7FDECDDE7E37}.Debug|Win32.ActiveCfg = Debug|Win32
		{0F3D9FA8-C7B5-451B-B28B-7FDECDDE7E37}.Debug|Win32.Build.0 = Debug|Win32
		{0F3D9FA8-C7B5-451B-B28B-7FDECDDE7E37}.Release|Win32.ActiveCfg = Release|Win32
		{0F3D9FA8-C7B5-451B-B28B-7FDECDDE7E37}.Release|Win32.Build.0 = Release|Win32
	EndGlobalSection
	GlobalSection(SolutionProperties) = preSolution
		HideSolutionNode = FALSE
	EndGlobalSection
EndGlobal
