
Microsoft Visual Studio Solution File, Format Version 10.00
# Visual Studio 2008
Project("{8BC9CEB8-8B4A-11D0-8D11-00A0C91BC942}") = "multi_net_thread_server", "multi_net_thread_server\multi_net_thread_server.vcproj", "{C2A48AA2-7DA2-45A2-9D98-531C792BEA14}"
EndProject
Project("{8BC9CEB8-8B4A-11D0-8D11-00A0C91BC942}") = "single_net_thread_server", "single_net_thread_server\single_net_thread_server.vcproj", "{CD888BAA-182E-489E-9998-F50613EAF4A0}"
EndProject
Project("{8BC9CEB8-8B4A-11D0-8D11-00A0C91BC942}") = "net_client", "net_client\net_client.vcproj", "{B2E9AD8B-3263-4FE6-9DE9-9539E8121567}"
EndProject
Global
	GlobalSection(SolutionConfigurationPlatforms) = preSolution
		Debug|Win32 = Debug|Win32
		Release|Win32 = Release|Win32
	EndGlobalSection
	GlobalSection(ProjectConfigurationPlatforms) = postSolution
		{C2A48AA2-7DA2-45A2-9D98-531C792BEA14}.Debug|Win32.ActiveCfg = Debug|Win32
		{C2A48AA2-7DA2-45A2-9D98-531C792BEA14}.Debug|Win32.Build.0 = Debug|Win32
		{C2A48AA2-7DA2-45A2-9D98-531C792BEA14}.Release|Win32.ActiveCfg = Release|Win32
		{C2A48AA2-7DA2-45A2-9D98-531C792BEA14}.Release|Win32.Build.0 = Release|Win32
		{CD888BAA-182E-489E-9998-F50613EAF4A0}.Debug|Win32.ActiveCfg = Debug|Win32
		{CD888BAA-182E-489E-9998-F50613EAF4A0}.Debug|Win32.Build.0 = Debug|Win32
		{CD888BAA-182E-489E-9998-F50613EAF4A0}.Release|Win32.ActiveCfg = Release|Win32
		{CD888BAA-182E-489E-9998-F50613EAF4A0}.Release|Win32.Build.0 = Release|Win32
		{B2E9AD8B-3263-4FE6-9DE9-9539E8121567}.Debug|Win32.ActiveCfg = Debug|Win32
		{B2E9AD8B-3263-4FE6-9DE9-9539E8121567}.Debug|Win32.Build.0 = Debug|Win32
		{B2E9AD8B-3263-4FE6-9DE9-9539E8121567}.Release|Win32.ActiveCfg = Release|Win32
		{B2E9AD8B-3263-4FE6-9DE9-9539E8121567}.Release|Win32.Build.0 = Release|Win32
	EndGlobalSection
	GlobalSection(SolutionProperties) = preSolution
		HideSolutionNode = FALSE
	EndGlobalSection
EndGlobal
