<?xml version="1.0" encoding="utf-8"?>
<Project ToolsVersion="4.0" xmlns="http://schemas.microsoft.com/developer/msbuild/2003">
  <ItemGroup>
    <Filter Include="源文件">
      <UniqueIdentifier>{4FC737F1-C7A5-4376-A066-2A32D752A2FF}</UniqueIdentifier>
      <Extensions>cpp;c;cc;cxx;def;odl;idl;hpj;bat;asm;asmx</Extensions>
    </Filter>
    <Filter Include="头文件">
      <UniqueIdentifier>{93995380-89BD-4b04-88EB-625FBE52EBFB}</UniqueIdentifier>
      <Extensions>h;hh;hpp;hxx;hm;inl;inc;xsd</Extensions>
    </Filter>
    <Filter Include="资源文件">
      <UniqueIdentifier>{67DA6AB6-F800-4c08-8B7A-83BB121AAD01}</UniqueIdentifier>
      <Extensions>rc;ico;cur;bmp;dlg;rc2;rct;bin;rgs;gif;jpg;jpeg;jpe;resx;tiff;tif;png;wav;mfcribbon-ms</Extensions>
    </Filter>
    <Filter Include="net">
      <UniqueIdentifier>{7fd31b53-4379-4a95-8d5e-1cc4f205fb86}</UniqueIdentifier>
    </Filter>
    <Filter Include="timer">
      <UniqueIdentifier>{158f376a-36fa-4990-913c-15b13b70de39}</UniqueIdentifier>
    </Filter>
    <Filter Include="utils">
      <UniqueIdentifier>{794e9135-39cf-4e6d-93e8-ab49f0585238}</UniqueIdentifier>
    </Filter>
  </ItemGroup>
  <ItemGroup>
    <ClCompile Include="..\src\net\CurrentThread.cpp">
      <Filter>net</Filter>
    </ClCompile>
    <ClCompile Include="..\src\net\DataSocket.cpp">
      <Filter>net</Filter>
    </ClCompile>
    <ClCompile Include="..\src\net\EventLoop.cpp">
      <Filter>net</Filter>
    </ClCompile>
    <ClCompile Include="..\src\net\SocketLibFunction.c">
      <Filter>net</Filter>
    </ClCompile>
    <ClCompile Include="..\src\net\TCPService.cpp">
      <Filter>net</Filter>
    </ClCompile>
    <ClCompile Include="..\src\net\WrapTCPService.cpp">
      <Filter>net</Filter>
    </ClCompile>
    <ClCompile Include="..\src\timer\timer.cpp">
      <Filter>timer</Filter>
    </ClCompile>
    <ClCompile Include="..\src\utils\buffer.c">
      <Filter>utils</Filter>
    </ClCompile>
    <ClCompile Include="..\src\utils\systemlib.c">
      <Filter>utils</Filter>
    </ClCompile>
    <ClCompile Include="..\src\examples\BroadCastServer.cpp">
      <Filter>源文件</Filter>
    </ClCompile>
  </ItemGroup>
  <ItemGroup>
    <ClInclude Include="..\src\net\Channel.h">
      <Filter>net</Filter>
    </ClInclude>
    <ClInclude Include="..\src\net\CurrentThread.h">
      <Filter>net</Filter>
    </ClInclude>
    <ClInclude Include="..\src\net\DataSocket.h">
      <Filter>net</Filter>
    </ClInclude>
    <ClInclude Include="..\src\net\dllconf.h">
      <Filter>net</Filter>
    </ClInclude>
    <ClInclude Include="..\src\net\EventLoop.h">
      <Filter>net</Filter>
    </ClInclude>
    <ClInclude Include="..\src\net\Platform.h">
      <Filter>net</Filter>
    </ClInclude>
    <ClInclude Include="..\src\net\SocketLibFunction.h">
      <Filter>net</Filter>
    </ClInclude>
    <ClInclude Include="..\src\net\SocketLibTypes.h">
      <Filter>net</Filter>
    </ClInclude>
    <ClInclude Include="..\src\net\TCPService.h">
      <Filter>net</Filter>
    </ClInclude>
    <ClInclude Include="..\src\net\WrapTCPService.h">
      <Filter>net</Filter>
    </ClInclude>
    <ClInclude Include="..\src\timer\timer.h">
      <Filter>timer</Filter>
    </ClInclude>
    <ClInclude Include="..\src\utils\buffer.h">
      <Filter>utils</Filter>
    </ClInclude>
    <ClInclude Include="..\src\utils\systemlib.h">
      <Filter>utils</Filter>
    </ClInclude>
  </ItemGroup>
</Project>